
Microsoft Visual Studio Solution File, Format Version 12.00
# Visual Studio Version 17
VisualStudioVersion = 17.13.35818.85 d17.13
MinimumVisualStudioVersion = 10.0.40219.1
Project("{FAE04EC0-301F-11D3-BF4B-00C04F79EFBC}") = "07- Terrain", "07- Terrain.csproj", "{9C478F9D-EEAB-48A2-9F5E-D764B4D0673F}"
EndProject
Global
	GlobalSection(SolutionConfigurationPlatforms) = preSolution
		Debug|Any CPU = Debug|Any CPU
		Release|Any CPU = Release|Any CPU
	EndGlobalSection
	GlobalSection(ProjectConfigurationPlatforms) = postSolution
		{9C478F9D-EEAB-48A2-9F5E-D764B4D0673F}.Debug|Any CPU.ActiveCfg = Debug|Any CPU
		{9C478F9D-EEAB-48A2-9F5E-D764B4D0673F}.Debug|Any CPU.Build.0 = Debug|Any CPU
		{9C478F9D-EEAB-48A2-9F5E-D764B4D0673F}.Release|Any CPU.ActiveCfg = Release|Any CPU
		{9C478F9D-EEAB-48A2-9F5E-D764B4D0673F}.Release|Any CPU.Build.0 = Release|Any CPU
	EndGlobalSection
	GlobalSection(SolutionProperties) = preSolution
		HideSolutionNode = FALSE
	EndGlobalSection
	GlobalSection(ExtensibilityGlobals) = postSolution
		SolutionGuid = {EBEFFF8C-7546-4BD8-BDA3-1ADE014B6A51}
	EndGlobalSection
EndGlobal
