
Microsoft Visual Studio Solution File, Format Version 12.00
# Visual Studio Version 17
VisualStudioVersion = 17.5.002.0
MinimumVisualStudioVersion = 10.0.40219.1
Project("{9A19103F-16F7-4668-BE54-9A1E7A4F7556}") = "ImageRecoloring", "ImageRecoloring.csproj", "{B455A1E5-BFAA-44A8-8408-31B7A29595E7}"
EndProject
Global
	GlobalSection(SolutionConfigurationPlatforms) = preSolution
		Debug|Any CPU = Debug|Any CPU
		Release|Any CPU = Release|Any CPU
	EndGlobalSection
	GlobalSection(ProjectConfigurationPlatforms) = postSolution
		{B455A1E5-BFAA-44A8-8408-31B7A29595E7}.Debug|Any CPU.ActiveCfg = Debug|Any CPU
		{B455A1E5-BFAA-44A8-8408-31B7A29595E7}.Debug|Any CPU.Build.0 = Debug|Any CPU
		{B455A1E5-BFAA-44A8-8408-31B7A29595E7}.Release|Any CPU.ActiveCfg = Release|Any CPU
		{B455A1E5-BFAA-44A8-8408-31B7A29595E7}.Release|Any CPU.Build.0 = Release|Any CPU
	EndGlobalSection
	GlobalSection(SolutionProperties) = preSolution
		HideSolutionNode = FALSE
	EndGlobalSection
	GlobalSection(ExtensibilityGlobals) = postSolution
		SolutionGuid = {062DC1ED-607A-431D-8F97-128FAC1F0138}
	EndGlobalSection
EndGlobal
