
Microsoft Visual Studio Solution File, Format Version 12.00
# Visual Studio Version 17
VisualStudioVersion = 17.6.33815.320
MinimumVisualStudioVersion = 10.0.40219.1
Project("{FAE04EC0-301F-11D3-BF4B-00C04F79EFBC}") = "01-AllTheColors", "01-AllTheColors.csproj", "{915AB110-643E-4729-A5EB-CE88D3B66E3F}"
EndProject
Global
	GlobalSection(SolutionConfigurationPlatforms) = preSolution
		Debug|Any CPU = Debug|Any CPU
		Release|Any CPU = Release|Any CPU
	EndGlobalSection
	GlobalSection(ProjectConfigurationPlatforms) = postSolution
		{915AB110-643E-4729-A5EB-CE88D3B66E3F}.Debug|Any CPU.ActiveCfg = Debug|Any CPU
		{915AB110-643E-4729-A5EB-CE88D3B66E3F}.Debug|Any CPU.Build.0 = Debug|Any CPU
		{915AB110-643E-4729-A5EB-CE88D3B66E3F}.Release|Any CPU.ActiveCfg = Release|Any CPU
		{915AB110-643E-4729-A5EB-CE88D3B66E3F}.Release|Any CPU.Build.0 = Release|Any CPU
	EndGlobalSection
	GlobalSection(SolutionProperties) = preSolution
		HideSolutionNode = FALSE
	EndGlobalSection
	GlobalSection(ExtensibilityGlobals) = postSolution
		SolutionGuid = {F07833B2-A0EE-4219-8C58-69691472BA54}
	EndGlobalSection
EndGlobal
