
Microsoft Visual Studio Solution File, Format Version 12.00
# Visual Studio Version 17
VisualStudioVersion = 17.13.35818.85 d17.13
MinimumVisualStudioVersion = 10.0.40219.1
Project("{FAE04EC0-301F-11D3-BF4B-00C04F79EFBC}") = "08-Fireworks", "08-Fireworks.csproj", "{4CE3B825-C04A-42D5-BE62-8DF6029F8CA7}"
EndProject
Global
	GlobalSection(SolutionConfigurationPlatforms) = preSolution
		Debug|Any CPU = Debug|Any CPU
		Release|Any CPU = Release|Any CPU
	EndGlobalSection
	GlobalSection(ProjectConfigurationPlatforms) = postSolution
		{4CE3B825-C04A-42D5-BE62-8DF6029F8CA7}.Debug|Any CPU.ActiveCfg = Debug|Any CPU
		{4CE3B825-C04A-42D5-BE62-8DF6029F8CA7}.Debug|Any CPU.Build.0 = Debug|Any CPU
		{4CE3B825-C04A-42D5-BE62-8DF6029F8CA7}.Release|Any CPU.ActiveCfg = Release|Any CPU
		{4CE3B825-C04A-42D5-BE62-8DF6029F8CA7}.Release|Any CPU.Build.0 = Release|Any CPU
	EndGlobalSection
	GlobalSection(SolutionProperties) = preSolution
		HideSolutionNode = FALSE
	EndGlobalSection
	GlobalSection(ExtensibilityGlobals) = postSolution
		SolutionGuid = {A0AEE524-E344-40E4-A266-9F669E34CD17}
	EndGlobalSection
EndGlobal
